
Microsoft Visual Studio Solution File, Format Version 12.00
Project("{FAE04EC0-301F-11D3-BF4B-00C04F79EFBC}") = "MiniBP.Api", "MiniBP.Api\MiniBP.Api.csproj", "{77B644DD-49E3-41B2-B047-54F51725346B}"
EndProject
Project("{FAE04EC0-301F-11D3-BF4B-00C04F79EFBC}") = "MiniBP.BPMS", "MiniBP.BPMS\MiniBP.BPMS.csproj", "{A245BC8B-DC74-4DEF-9617-30C6947D1913}"
EndProject
Project("{2150E333-8FDC-42A3-9474-1A3956D46DE8}") = "Shared", "Shared", "{19F4EDAC-D782-4A27-8027-3DAE07EE6397}"
EndProject
Project("{FAE04EC0-301F-11D3-BF4B-00C04F79EFBC}") = "Tools", "Tools\Tools.csproj", "{6FF2A8AD-0C44-4B2F-BE74-F7F06B61EC75}"
EndProject
Project("{FAE04EC0-301F-11D3-BF4B-00C04F79EFBC}") = "MiniBP.Infrastructure", "MiniBP.Infrastructure\MiniBP.Infrastructure.csproj", "{F039FE30-9FCB-44DE-B586-DE24363C0061}"
EndProject
Global
	GlobalSection(SolutionConfigurationPlatforms) = preSolution
		Debug|Any CPU = Debug|Any CPU
		Release|Any CPU = Release|Any CPU
	EndGlobalSection
	GlobalSection(ProjectConfigurationPlatforms) = postSolution
		{77B644DD-49E3-41B2-B047-54F51725346B}.Debug|Any CPU.ActiveCfg = Debug|Any CPU
		{77B644DD-49E3-41B2-B047-54F51725346B}.Debug|Any CPU.Build.0 = Debug|Any CPU
		{77B644DD-49E3-41B2-B047-54F51725346B}.Release|Any CPU.ActiveCfg = Release|Any CPU
		{77B644DD-49E3-41B2-B047-54F51725346B}.Release|Any CPU.Build.0 = Release|Any CPU
		{A245BC8B-DC74-4DEF-9617-30C6947D1913}.Debug|Any CPU.ActiveCfg = Debug|Any CPU
		{A245BC8B-DC74-4DEF-9617-30C6947D1913}.Debug|Any CPU.Build.0 = Debug|Any CPU
		{A245BC8B-DC74-4DEF-9617-30C6947D1913}.Release|Any CPU.ActiveCfg = Release|Any CPU
		{A245BC8B-DC74-4DEF-9617-30C6947D1913}.Release|Any CPU.Build.0 = Release|Any CPU
		{6FF2A8AD-0C44-4B2F-BE74-F7F06B61EC75}.Debug|Any CPU.ActiveCfg = Debug|Any CPU
		{6FF2A8AD-0C44-4B2F-BE74-F7F06B61EC75}.Debug|Any CPU.Build.0 = Debug|Any CPU
		{6FF2A8AD-0C44-4B2F-BE74-F7F06B61EC75}.Release|Any CPU.ActiveCfg = Release|Any CPU
		{6FF2A8AD-0C44-4B2F-BE74-F7F06B61EC75}.Release|Any CPU.Build.0 = Release|Any CPU
		{F039FE30-9FCB-44DE-B586-DE24363C0061}.Debug|Any CPU.ActiveCfg = Debug|Any CPU
		{F039FE30-9FCB-44DE-B586-DE24363C0061}.Debug|Any CPU.Build.0 = Debug|Any CPU
		{F039FE30-9FCB-44DE-B586-DE24363C0061}.Release|Any CPU.ActiveCfg = Release|Any CPU
		{F039FE30-9FCB-44DE-B586-DE24363C0061}.Release|Any CPU.Build.0 = Release|Any CPU
	EndGlobalSection
	GlobalSection(NestedProjects) = preSolution
		{6FF2A8AD-0C44-4B2F-BE74-F7F06B61EC75} = {19F4EDAC-D782-4A27-8027-3DAE07EE6397}
	EndGlobalSection
EndGlobal
